{
  "name": "transeo-peril",
  "version": "1.0.0",
  "lockfileVersion": 1,
  "requires": true,
  "dependencies": {
    "github-webhook-event-types": {
      "version": "1.2.1",
      "resolved": "https://registry.npmjs.org/github-webhook-event-types/-/github-webhook-event-types-1.2.1.tgz",
      "integrity": "sha512-S0/O8tggnJwNYx4Gp39pgarBjO9/bY5/PAY8zlx8HuacWVULqk05M9wmZ0n42ueN+YSPWx/1BAItBKzv//4GfA=="
    }
  }
}
